// !$*UTF8*$!
{
	archiveVersion = 1;
	classes = {
	};
	objectVersion = 56;
	objects = {

/* Begin PBXBuildFile section */
		CF11D64A2BE0147D009950EA /* MoviesAppTCAApp.swift in Sources */ = {isa = PBXBuildFile; fileRef = CF11D6492BE0147D009950EA /* MoviesAppTCAApp.swift */; };
		CF11D64C2BE0147D009950EA /* ContentView.swift in Sources */ = {isa = PBXBuildFile; fileRef = CF11D64B2BE0147D009950EA /* ContentView.swift */; };
		CF11D64E2BE0147F009950EA /* Assets.xcassets in Resources */ = {isa = PBXBuildFile; fileRef = CF11D64D2BE0147F009950EA /* Assets.xcassets */; };
		CF11D6512BE0147F009950EA /* Preview Assets.xcassets in Resources */ = {isa = PBXBuildFile; fileRef = CF11D6502BE0147F009950EA /* Preview Assets.xcassets */; };
		CF11D65B2BE0147F009950EA /* MoviesAppTCATests.swift in Sources */ = {isa = PBXBuildFile; fileRef = CF11D65A2BE0147F009950EA /* MoviesAppTCATests.swift */; };
		CF11D6652BE0147F009950EA /* MoviesAppTCAUITests.swift in Sources */ = {isa = PBXBuildFile; fileRef = CF11D6642BE0147F009950EA /* MoviesAppTCAUITests.swift */; };
		CF11D6672BE0147F009950EA /* MoviesAppTCAUITestsLaunchTests.swift in Sources */ = {isa = PBXBuildFile; fileRef = CF11D6662BE0147F009950EA /* MoviesAppTCAUITestsLaunchTests.swift */; };
		CF11D6782BE08AB3009950EA /* Store.swift in Sources */ = {isa = PBXBuildFile; fileRef = CF11D6772BE08AB3009950EA /* Store.swift */; };
/* End PBXBuildFile section */

/* Begin PBXContainerItemProxy section */
		CF11D6572BE0147F009950EA /* PBXContainerItemProxy */ = {
			isa = PBXContainerItemProxy;
			containerPortal = CF11D63E2BE0147D009950EA /* Project object */;
			proxyType = 1;
			remoteGlobalIDString = CF11D6452BE0147D009950EA;
			remoteInfo = MoviesAppTCA;
		};
		CF11D6612BE0147F009950EA /* PBXContainerItemProxy */ = {
			isa = PBXContainerItemProxy;
			containerPortal = CF11D63E2BE0147D009950EA /* Project object */;
			proxyType = 1;
			remoteGlobalIDString = CF11D6452BE0147D009950EA;
			remoteInfo = MoviesAppTCA;
		};
/* End PBXContainerItemProxy section */

/* Begin PBXFileReference section */
		CF11D6462BE0147D009950EA /* MoviesAppTCA.app */ = {isa = PBXFileReference; explicitFileType = wrapper.application; includeInIndex = 0; path = MoviesAppTCA.app; sourceTree = BUILT_PRODUCTS_DIR; };
		CF11D6492BE0147D009950EA /* MoviesAppTCAApp.swift */ = {isa = PBXFileReference; lastKnownFileType = sourcecode.swift; path = MoviesAppTCAApp.swift; sourceTree = "<group>"; };
		CF11D64B2BE0147D009950EA /* ContentView.swift */ = {isa = PBXFileReference; lastKnownFileType = sourcecode.swift; path = ContentView.swift; sourceTree = "<group>"; };
		CF11D64D2BE0147F009950EA /* Assets.xcassets */ = {isa = PBXFileReference; lastKnownFileType = folder.assetcatalog; path = Assets.xcassets; sourceTree = "<group>"; };
		CF11D6502BE0147F009950EA /* Preview Assets.xcassets */ = {isa = PBXFileReference; lastKnownFileType = folder.assetcatalog; path = "Preview Assets.xcassets"; sourceTree = "<group>"; };
		CF11D6562BE0147F009950EA /* MoviesAppTCATests.xctest */ = {isa = PBXFileReference; explicitFileType = wrapper.cfbundle; includeInIndex = 0; path = MoviesAppTCATests.xctest; sourceTree = BUILT_PRODUCTS_DIR; };
		CF11D65A2BE0147F009950EA /* MoviesAppTCATests.swift */ = {isa = PBXFileReference; lastKnownFileType = sourcecode.swift; path = MoviesAppTCATests.swift; sourceTree = "<group>"; };
		CF11D6602BE0147F009950EA /* MoviesAppTCAUITests.xctest */ = {isa = PBXFileReference; explicitFileType = wrapper.cfbundle; includeInIndex = 0; path = MoviesAppTCAUITests.xctest; sourceTree = BUILT_PRODUCTS_DIR; };
		CF11D6642BE0147F009950EA /* MoviesAppTCAUITests.swift */ = {isa = PBXFileReference; lastKnownFileType = sourcecode.swift; path = MoviesAppTCAUITests.swift; sourceTree = "<group>"; };
		CF11D6662BE0147F009950EA /* MoviesAppTCAUITestsLaunchTests.swift */ = {isa = PBXFileReference; lastKnownFileType = sourcecode.swift; path = MoviesAppTCAUITestsLaunchTests.swift; sourceTree = "<group>"; };
		CF11D6772BE08AB3009950EA /* Store.swift */ = {isa = PBXFileReference; lastKnownFileType = sourcecode.swift; path = Store.swift; sourceTree = "<group>"; };
/* End PBXFileReference section */

/* Begin PBXFrameworksBuildPhase section */
		CF11D6432BE0147D009950EA /* Frameworks */ = {
			isa = PBXFrameworksBuildPhase;
			buildActionMask = 2147483647;
			files = (
			);
			runOnlyForDeploymentPostprocessing = 0;
		};
		CF11D6532BE0147F009950EA /* Frameworks */ = {
			isa = PBXFrameworksBuildPhase;
			buildActionMask = 2147483647;
			files = (
			);
			runOnlyForDeploymentPostprocessing = 0;
		};
		CF11D65D2BE0147F009950EA /* Frameworks */ = {
			isa = PBXFrameworksBuildPhase;
			buildActionMask = 2147483647;
			files = (
			);
			runOnlyForDeploymentPostprocessing = 0;
		};
/* End PBXFrameworksBuildPhase section */

/* Begin PBXGroup section */
		CF11D63D2BE0147D009950EA = {
			isa = PBXGroup;
			children = (
				CF11D6482BE0147D009950EA /* MoviesAppTCA */,
				CF11D6592BE0147F009950EA /* MoviesAppTCATests */,
				CF11D6632BE0147F009950EA /* MoviesAppTCAUITests */,
				CF11D6472BE0147D009950EA /* Products */,
			);
			sourceTree = "<group>";
		};
		CF11D6472BE0147D009950EA /* Products */ = {
			isa = PBXGroup;
			children = (
				CF11D6462BE0147D009950EA /* MoviesAppTCA.app */,
				CF11D6562BE0147F009950EA /* MoviesAppTCATests.xctest */,
				CF11D6602BE0147F009950EA /* MoviesAppTCAUITests.xctest */,
			);
			name = Products;
			sourceTree = "<group>";
		};
		CF11D6482BE0147D009950EA /* MoviesAppTCA */ = {
			isa = PBXGroup;
			children = (
				CF11D6762BE08AA3009950EA /* Store */,
				CF11D6492BE0147D009950EA /* MoviesAppTCAApp.swift */,
				CF11D64B2BE0147D009950EA /* ContentView.swift */,
				CF11D64D2BE0147F009950EA /* Assets.xcassets */,
				CF11D64F2BE0147F009950EA /* Preview Content */,
			);
			path = MoviesAppTCA;
			sourceTree = "<group>";
		};
		CF11D64F2BE0147F009950EA /* Preview Content */ = {
			isa = PBXGroup;
			children = (
				CF11D6502BE0147F009950EA /* Preview Assets.xcassets */,
			);
			path = "Preview Content";
			sourceTree = "<group>";
		};
		CF11D6592BE0147F009950EA /* MoviesAppTCATests */ = {
			isa = PBXGroup;
			children = (
				CF11D65A2BE0147F009950EA /* MoviesAppTCATests.swift */,
			);
			path = MoviesAppTCATests;
			sourceTree = "<group>";
		};
		CF11D6632BE0147F009950EA /* MoviesAppTCAUITests */ = {
			isa = PBXGroup;
			children = (
				CF11D6642BE0147F009950EA /* MoviesAppTCAUITests.swift */,
				CF11D6662BE0147F009950EA /* MoviesAppTCAUITestsLaunchTests.swift */,
			);
			path = MoviesAppTCAUITests;
			sourceTree = "<group>";
		};
		CF11D6762BE08AA3009950EA /* Store */ = {
			isa = PBXGroup;
			children = (
				CF11D6772BE08AB3009950EA /* Store.swift */,
			);
			path = Store;
			sourceTree = "<group>";
		};
/* End PBXGroup section */

/* Begin PBXNativeTarget section */
		CF11D6452BE0147D009950EA /* MoviesAppTCA */ = {
			isa = PBXNativeTarget;
			buildConfigurationList = CF11D66A2BE0147F009950EA /* Build configuration list for PBXNativeTarget "MoviesAppTCA" */;
			buildPhases = (
				CF11D6422BE0147D009950EA /* Sources */,
				CF11D6432BE0147D009950EA /* Frameworks */,
				CF11D6442BE0147D009950EA /* Resources */,
			);
			buildRules = (
			);
			dependencies = (
			);
			name = MoviesAppTCA;
			productName = MoviesAppTCA;
			productReference = CF11D6462BE0147D009950EA /* MoviesAppTCA.app */;
			productType = "com.apple.product-type.application";
		};
		CF11D6552BE0147F009950EA /* MoviesAppTCATests */ = {
			isa = PBXNativeTarget;
			buildConfigurationList = CF11D66D2BE0147F009950EA /* Build configuration list for PBXNativeTarget "MoviesAppTCATests" */;
			buildPhases = (
				CF11D6522BE0147F009950EA /* Sources */,
				CF11D6532BE0147F009950EA /* Frameworks */,
				CF11D6542BE0147F009950EA /* Resources */,
			);
			buildRules = (
			);
			dependencies = (
				CF11D6582BE0147F009950EA /* PBXTargetDependency */,
			);
			name = MoviesAppTCATests;
			productName = MoviesAppTCATests;
			productReference = CF11D6562BE0147F009950EA /* MoviesAppTCATests.xctest */;
			productType = "com.apple.product-type.bundle.unit-test";
		};
		CF11D65F2BE0147F009950EA /* MoviesAppTCAUITests */ = {
			isa = PBXNativeTarget;
			buildConfigurationList = CF11D6702BE0147F009950EA /* Build configuration list for PBXNativeTarget "MoviesAppTCAUITests" */;
			buildPhases = (
				CF11D65C2BE0147F009950EA /* Sources */,
				CF11D65D2BE0147F009950EA /* Frameworks */,
				CF11D65E2BE0147F009950EA /* Resources */,
			);
			buildRules = (
			);
			dependencies = (
				CF11D6622BE0147F009950EA /* PBXTargetDependency */,
			);
			name = MoviesAppTCAUITests;
			productName = MoviesAppTCAUITests;
			productReference = CF11D6602BE0147F009950EA /* MoviesAppTCAUITests.xctest */;
			productType = "com.apple.product-type.bundle.ui-testing";
		};
/* End PBXNativeTarget section */

/* Begin PBXProject section */
		CF11D63E2BE0147D009950EA /* Project object */ = {
			isa = PBXProject;
			attributes = {
				BuildIndependentTargetsInParallel = 1;
				LastSwiftUpdateCheck = 1520;
				LastUpgradeCheck = 1520;
				TargetAttributes = {
					CF11D6452BE0147D009950EA = {
						CreatedOnToolsVersion = 15.2;
					};
					CF11D6552BE0147F009950EA = {
						CreatedOnToolsVersion = 15.2;
						TestTargetID = CF11D6452BE0147D009950EA;
					};
					CF11D65F2BE0147F009950EA = {
						CreatedOnToolsVersion = 15.2;
						TestTargetID = CF11D6452BE0147D009950EA;
					};
				};
			};
			buildConfigurationList = CF11D6412BE0147D009950EA /* Build configuration list for PBXProject "MoviesAppTCA" */;
			compatibilityVersion = "Xcode 14.0";
			developmentRegion = en;
			hasScannedForEncodings = 0;
			knownRegions = (
				en,
				Base,
			);
			mainGroup = CF11D63D2BE0147D009950EA;
			productRefGroup = CF11D6472BE0147D009950EA /* Products */;
			projectDirPath = "";
			projectRoot = "";
			targets = (
				CF11D6452BE0147D009950EA /* MoviesAppTCA */,
				CF11D6552BE0147F009950EA /* MoviesAppTCATests */,
				CF11D65F2BE0147F009950EA /* MoviesAppTCAUITests */,
			);
		};
/* End PBXProject section */

/* Begin PBXResourcesBuildPhase section */
		CF11D6442BE0147D009950EA /* Resources */ = {
			isa = PBXResourcesBuildPhase;
			buildActionMask = 2147483647;
			files = (
				CF11D6512BE0147F009950EA /* Preview Assets.xcassets in Resources */,
				CF11D64E2BE0147F009950EA /* Assets.xcassets in Resources */,
			);
			runOnlyForDeploymentPostprocessing = 0;
		};
		CF11D6542BE0147F009950EA /* Resources */ = {
			isa = PBXResourcesBuildPhase;
			buildActionMask = 2147483647;
			files = (
			);
			runOnlyForDeploymentPostprocessing = 0;
		};
		CF11D65E2BE0147F009950EA /* Resources */ = {
			isa = PBXResourcesBuildPhase;
			buildActionMask = 2147483647;
			files = (
			);
			runOnlyForDeploymentPostprocessing = 0;
		};
/* End PBXResourcesBuildPhase section */

/* Begin PBXSourcesBuildPhase section */
		CF11D6422BE0147D009950EA /* Sources */ = {
			isa = PBXSourcesBuildPhase;
			buildActionMask = 2147483647;
			files = (
				CF11D6782BE08AB3009950EA /* Store.swift in Sources */,
				CF11D64C2BE0147D009950EA /* ContentView.swift in Sources */,
				CF11D64A2BE0147D009950EA /* MoviesAppTCAApp.swift in Sources */,
			);
			runOnlyForDeploymentPostprocessing = 0;
		};
		CF11D6522BE0147F009950EA /* Sources */ = {
			isa = PBXSourcesBuildPhase;
			buildActionMask = 2147483647;
			files = (
				CF11D65B2BE0147F009950EA /* MoviesAppTCATests.swift in Sources */,
			);
			runOnlyForDeploymentPostprocessing = 0;
		};
		CF11D65C2BE0147F009950EA /* Sources */ = {
			isa = PBXSourcesBuildPhase;
			buildActionMask = 2147483647;
			files = (
				CF11D6672BE0147F009950EA /* MoviesAppTCAUITestsLaunchTests.swift in Sources */,
				CF11D6652BE0147F009950EA /* MoviesAppTCAUITests.swift in Sources */,
			);
			runOnlyForDeploymentPostprocessing = 0;
		};
/* End PBXSourcesBuildPhase section */

/* Begin PBXTargetDependency section */
		CF11D6582BE0147F009950EA /* PBXTargetDependency */ = {
			isa = PBXTargetDependency;
			target = CF11D6452BE0147D009950EA /* MoviesAppTCA */;
			targetProxy = CF11D6572BE0147F009950EA /* PBXContainerItemProxy */;
		};
		CF11D6622BE0147F009950EA /* PBXTargetDependency */ = {
			isa = PBXTargetDependency;
			target = CF11D6452BE0147D009950EA /* MoviesAppTCA */;
			targetProxy = CF11D6612BE0147F009950EA /* PBXContainerItemProxy */;
		};
/* End PBXTargetDependency section */

/* Begin XCBuildConfiguration section */
		CF11D6682BE0147F009950EA /* Debug */ = {
			isa = XCBuildConfiguration;
			buildSettings = {
				ALWAYS_SEARCH_USER_PATHS = NO;
				ASSETCATALOG_COMPILER_GENERATE_SWIFT_ASSET_SYMBOL_EXTENSIONS = YES;
				CLANG_ANALYZER_NONNULL = YES;
				CLANG_ANALYZER_NUMBER_OBJECT_CONVERSION = YES_AGGRESSIVE;
				CLANG_CXX_LANGUAGE_STANDARD = "gnu++20";
				CLANG_ENABLE_MODULES = YES;
				CLANG_ENABLE_OBJC_ARC = YES;
				CLANG_ENABLE_OBJC_WEAK = YES;
				CLANG_WARN_BLOCK_CAPTURE_AUTORELEASING = YES;
				CLANG_WARN_BOOL_CONVERSION = YES;
				CLANG_WARN_COMMA = YES;
				CLANG_WARN_CONSTANT_CONVERSION = YES;
				CLANG_WARN_DEPRECATED_OBJC_IMPLEMENTATIONS = YES;
				CLANG_WARN_DIRECT_OBJC_ISA_USAGE = YES_ERROR;
				CLANG_WARN_DOCUMENTATION_COMMENTS = YES;
				CLANG_WARN_EMPTY_BODY = YES;
				CLANG_WARN_ENUM_CONVERSION = YES;
				CLANG_WARN_INFINITE_RECURSION = YES;
				CLANG_WARN_INT_CONVERSION = YES;
				CLANG_WARN_NON_LITERAL_NULL_CONVERSION = YES;
				CLANG_WARN_OBJC_IMPLICIT_RETAIN_SELF = YES;
				CLANG_WARN_OBJC_LITERAL_CONVERSION = YES;
				CLANG_WARN_OBJC_ROOT_CLASS = YES_ERROR;
				CLANG_WARN_QUOTED_INCLUDE_IN_FRAMEWORK_HEADER = YES;
				CLANG_WARN_RANGE_LOOP_ANALYSIS = YES;
				CLANG_WARN_STRICT_PROTOTYPES = YES;
				CLANG_WARN_SUSPICIOUS_MOVE = YES;
				CLANG_WARN_UNGUARDED_AVAILABILITY = YES_AGGRESSIVE;
				CLANG_WARN_UNREACHABLE_CODE = YES;
				CLANG_WARN__DUPLICATE_METHOD_MATCH = YES;
				COPY_PHASE_STRIP = NO;
				DEBUG_INFORMATION_FORMAT = dwarf;
				ENABLE_STRICT_OBJC_MSGSEND = YES;
				ENABLE_TESTABILITY = YES;
				ENABLE_USER_SCRIPT_SANDBOXING = YES;
				GCC_C_LANGUAGE_STANDARD = gnu17;
				GCC_DYNAMIC_NO_PIC = NO;
				GCC_NO_COMMON_BLOCKS = YES;
				GCC_OPTIMIZATION_LEVEL = 0;
				GCC_PREPROCESSOR_DEFINITIONS = (
					"DEBUG=1",
					"$(inherited)",
				);
				GCC_WARN_64_TO_32_BIT_CONVERSION = YES;
				GCC_WARN_ABOUT_RETURN_TYPE = YES_ERROR;
				GCC_WARN_UNDECLARED_SELECTOR = YES;
				GCC_WARN_UNINITIALIZED_AUTOS = YES_AGGRESSIVE;
				GCC_WARN_UNUSED_FUNCTION = YES;
				GCC_WARN_UNUSED_VARIABLE = YES;
				IPHONEOS_DEPLOYMENT_TARGET = 17.2;
				LOCALIZATION_PREFERS_STRING_CATALOGS = YES;
				MTL_ENABLE_DEBUG_INFO = INCLUDE_SOURCE;
				MTL_FAST_MATH = YES;
				ONLY_ACTIVE_ARCH = YES;
				SDKROOT = iphoneos;
				SWIFT_ACTIVE_COMPILATION_CONDITIONS = "DEBUG $(inherited)";
				SWIFT_OPTIMIZATION_LEVEL = "-Onone";
			};
			name = Debug;
		};
		CF11D6692BE0147F009950EA /* Release */ = {
			isa = XCBuildConfiguration;
			buildSettings = {
				ALWAYS_SEARCH_USER_PATHS = NO;
				ASSETCATALOG_COMPILER_GENERATE_SWIFT_ASSET_SYMBOL_EXTENSIONS = YES;
				CLANG_ANALYZER_NONNULL = YES;
				CLANG_ANALYZER_NUMBER_OBJECT_CONVERSION = YES_AGGRESSIVE;
				CLANG_CXX_LANGUAGE_STANDARD = "gnu++20";
				CLANG_ENABLE_MODULES = YES;
				CLANG_ENABLE_OBJC_ARC = YES;
				CLANG_ENABLE_OBJC_WEAK = YES;
				CLANG_WARN_BLOCK_CAPTURE_AUTORELEASING = YES;
				CLANG_WARN_BOOL_CONVERSION = YES;
				CLANG_WARN_COMMA = YES;
				CLANG_WARN_CONSTANT_CONVERSION = YES;
				CLANG_WARN_DEPRECATED_OBJC_IMPLEMENTATIONS = YES;
				CLANG_WARN_DIRECT_OBJC_ISA_USAGE = YES_ERROR;
				CLANG_WARN_DOCUMENTATION_COMMENTS = YES;
				CLANG_WARN_EMPTY_BODY = YES;
				CLANG_WARN_ENUM_CONVERSION = YES;
				CLANG_WARN_INFINITE_RECURSION = YES;
				CLANG_WARN_INT_CONVERSION = YES;
				CLANG_WARN_NON_LITERAL_NULL_CONVERSION = YES;
				CLANG_WARN_OBJC_IMPLICIT_RETAIN_SELF = YES;
				CLANG_WARN_OBJC_LITERAL_CONVERSION = YES;
				CLANG_WARN_OBJC_ROOT_CLASS = YES_ERROR;
				CLANG_WARN_QUOTED_INCLUDE_IN_FRAMEWORK_HEADER = YES;
				CLANG_WARN_RANGE_LOOP_ANALYSIS = YES;
				CLANG_WARN_STRICT_PROTOTYPES = YES;
				CLANG_WARN_SUSPICIOUS_MOVE = YES;
				CLANG_WARN_UNGUARDED_AVAILABILITY = YES_AGGRESSIVE;
				CLANG_WARN_UNREACHABLE_CODE = YES;
				CLANG_WARN__DUPLICATE_METHOD_MATCH = YES;
				COPY_PHASE_STRIP = NO;
				DEBUG_INFORMATION_FORMAT = "dwarf-with-dsym";
				ENABLE_NS_ASSERTIONS = NO;
				ENABLE_STRICT_OBJC_MSGSEND = YES;
				ENABLE_USER_SCRIPT_SANDBOXING = YES;
				GCC_C_LANGUAGE_STANDARD = gnu17;
				GCC_NO_COMMON_BLOCKS = YES;
				GCC_WARN_64_TO_32_BIT_CONVERSION = YES;
				GCC_WARN_ABOUT_RETURN_TYPE = YES_ERROR;
				GCC_WARN_UNDECLARED_SELECTOR = YES;
				GCC_WARN_UNINITIALIZED_AUTOS = YES_AGGRESSIVE;
				GCC_WARN_UNUSED_FUNCTION = YES;
				GCC_WARN_UNUSED_VARIABLE = YES;
				IPHONEOS_DEPLOYMENT_TARGET = 17.2;
				LOCALIZATION_PREFERS_STRING_CATALOGS = YES;
				MTL_ENABLE_DEBUG_INFO = NO;
				MTL_FAST_MATH = YES;
				SDKROOT = iphoneos;
				SWIFT_COMPILATION_MODE = wholemodule;
				VALIDATE_PRODUCT = YES;
			};
			name = Release;
		};
		CF11D66B2BE0147F009950EA /* Debug */ = {
			isa = XCBuildConfiguration;
			buildSettings = {
				ASSETCATALOG_COMPILER_APPICON_NAME = AppIcon;
				ASSETCATALOG_COMPILER_GLOBAL_ACCENT_COLOR_NAME = AccentColor;
				CODE_SIGN_STYLE = Automatic;
				CURRENT_PROJECT_VERSION = 1;
				DEVELOPMENT_ASSET_PATHS = "\"MoviesAppTCA/Preview Content\"";
				ENABLE_PREVIEWS = YES;
				GENERATE_INFOPLIST_FILE = YES;
				INFOPLIST_KEY_UIApplicationSceneManifest_Generation = YES;
				INFOPLIST_KEY_UIApplicationSupportsIndirectInputEvents = YES;
				INFOPLIST_KEY_UILaunchScreen_Generation = YES;
				INFOPLIST_KEY_UISupportedInterfaceOrientations_iPad = "UIInterfaceOrientationPortrait UIInterfaceOrientationPortraitUpsideDown UIInterfaceOrientationLandscapeLeft UIInterfaceOrientationLandscapeRight";
				INFOPLIST_KEY_UISupportedInterfaceOrientations_iPhone = "UIInterfaceOrientationPortrait UIInterfaceOrientationLandscapeLeft UIInterfaceOrientationLandscapeRight";
				LD_RUNPATH_SEARCH_PATHS = (
					"$(inherited)",
					"@executable_path/Frameworks",
				);
				MARKETING_VERSION = 1.0;
				PRODUCT_BUNDLE_IDENTIFIER = visionKitSample.MoviesAppTCA;
				PRODUCT_NAME = "$(TARGET_NAME)";
				SWIFT_EMIT_LOC_STRINGS = YES;
				SWIFT_VERSION = 5.0;
				TARGETED_DEVICE_FAMILY = "1,2";
			};
			name = Debug;
		};
		CF11D66C2BE0147F009950EA /* Release */ = {
			isa = XCBuildConfiguration;
			buildSettings = {
				ASSETCATALOG_COMPILER_APPICON_NAME = AppIcon;
				ASSETCATALOG_COMPILER_GLOBAL_ACCENT_COLOR_NAME = AccentColor;
				CODE_SIGN_STYLE = Automatic;
				CURRENT_PROJECT_VERSION = 1;
				DEVELOPMENT_ASSET_PATHS = "\"MoviesAppTCA/Preview Content\"";
				ENABLE_PREVIEWS = YES;
				GENERATE_INFOPLIST_FILE = YES;
				INFOPLIST_KEY_UIApplicationSceneManifest_Generation = YES;
				INFOPLIST_KEY_UIApplicationSupportsIndirectInputEvents = YES;
				INFOPLIST_KEY_UILaunchScreen_Generation = YES;
				INFOPLIST_KEY_UISupportedInterfaceOrientations_iPad = "UIInterfaceOrientationPortrait UIInterfaceOrientationPortraitUpsideDown UIInterfaceOrientationLandscapeLeft UIInterfaceOrientationLandscapeRight";
				INFOPLIST_KEY_UISupportedInterfaceOrientations_iPhone = "UIInterfaceOrientationPortrait UIInterfaceOrientationLandscapeLeft UIInterfaceOrientationLandscapeRight";
				LD_RUNPATH_SEARCH_PATHS = (
					"$(inherited)",
					"@executable_path/Frameworks",
				);
				MARKETING_VERSION = 1.0;
				PRODUCT_BUNDLE_IDENTIFIER = visionKitSample.MoviesAppTCA;
				PRODUCT_NAME = "$(TARGET_NAME)";
				SWIFT_EMIT_LOC_STRINGS = YES;
				SWIFT_VERSION = 5.0;
				TARGETED_DEVICE_FAMILY = "1,2";
			};
			name = Release;
		};
		CF11D66E2BE0147F009950EA /* Debug */ = {
			isa = XCBuildConfiguration;
			buildSettings = {
				ALWAYS_EMBED_SWIFT_STANDARD_LIBRARIES = YES;
				BUNDLE_LOADER = "$(TEST_HOST)";
				CODE_SIGN_STYLE = Automatic;
				CURRENT_PROJECT_VERSION = 1;
				GENERATE_INFOPLIST_FILE = YES;
				IPHONEOS_DEPLOYMENT_TARGET = 17.2;
				MARKETING_VERSION = 1.0;
				PRODUCT_BUNDLE_IDENTIFIER = visionKitSample.MoviesAppTCATests;
				PRODUCT_NAME = "$(TARGET_NAME)";
				SWIFT_EMIT_LOC_STRINGS = NO;
				SWIFT_VERSION = 5.0;
				TARGETED_DEVICE_FAMILY = "1,2";
				TEST_HOST = "$(BUILT_PRODUCTS_DIR)/MoviesAppTCA.app/$(BUNDLE_EXECUTABLE_FOLDER_PATH)/MoviesAppTCA";
			};
			name = Debug;
		};
		CF11D66F2BE0147F009950EA /* Release */ = {
			isa = XCBuildConfiguration;
			buildSettings = {
				ALWAYS_EMBED_SWIFT_STANDARD_LIBRARIES = YES;
				BUNDLE_LOADER = "$(TEST_HOST)";
				CODE_SIGN_STYLE = Automatic;
				CURRENT_PROJECT_VERSION = 1;
				GENERATE_INFOPLIST_FILE = YES;
				IPHONEOS_DEPLOYMENT_TARGET = 17.2;
				MARKETING_VERSION = 1.0;
				PRODUCT_BUNDLE_IDENTIFIER = visionKitSample.MoviesAppTCATests;
				PRODUCT_NAME = "$(TARGET_NAME)";
				SWIFT_EMIT_LOC_STRINGS = NO;
				SWIFT_VERSION = 5.0;
				TARGETED_DEVICE_FAMILY = "1,2";
				TEST_HOST = "$(BUILT_PRODUCTS_DIR)/MoviesAppTCA.app/$(BUNDLE_EXECUTABLE_FOLDER_PATH)/MoviesAppTCA";
			};
			name = Release;
		};
		CF11D6712BE0147F009950EA /* Debug */ = {
			isa = XCBuildConfiguration;
			buildSettings = {
				ALWAYS_EMBED_SWIFT_STANDARD_LIBRARIES = YES;
				CODE_SIGN_STYLE = Automatic;
				CURRENT_PROJECT_VERSION = 1;
				GENERATE_INFOPLIST_FILE = YES;
				MARKETING_VERSION = 1.0;
				PRODUCT_BUNDLE_IDENTIFIER = visionKitSample.MoviesAppTCAUITests;
				PRODUCT_NAME = "$(TARGET_NAME)";
				SWIFT_EMIT_LOC_STRINGS = NO;
				SWIFT_VERSION = 5.0;
				TARGETED_DEVICE_FAMILY = "1,2";
				TEST_TARGET_NAME = MoviesAppTCA;
			};
			name = Debug;
		};
		CF11D6722BE0147F009950EA /* Release */ = {
			isa = XCBuildConfiguration;
			buildSettings = {
				ALWAYS_EMBED_SWIFT_STANDARD_LIBRARIES = YES;
				CODE_SIGN_STYLE = Automatic;
				CURRENT_PROJECT_VERSION = 1;
				GENERATE_INFOPLIST_FILE = YES;
				MARKETING_VERSION = 1.0;
				PRODUCT_BUNDLE_IDENTIFIER = visionKitSample.MoviesAppTCAUITests;
				PRODUCT_NAME = "$(TARGET_NAME)";
				SWIFT_EMIT_LOC_STRINGS = NO;
				SWIFT_VERSION = 5.0;
				TARGETED_DEVICE_FAMILY = "1,2";
				TEST_TARGET_NAME = MoviesAppTCA;
			};
			name = Release;
		};
/* End XCBuildConfiguration section */

/* Begin XCConfigurationList section */
		CF11D6412BE0147D009950EA /* Build configuration list for PBXProject "MoviesAppTCA" */ = {
			isa = XCConfigurationList;
			buildConfigurations = (
				CF11D6682BE0147F009950EA /* Debug */,
				CF11D6692BE0147F009950EA /* Release */,
			);
			defaultConfigurationIsVisible = 0;
			defaultConfigurationName = Release;
		};
		CF11D66A2BE0147F009950EA /* Build configuration list for PBXNativeTarget "MoviesAppTCA" */ = {
			isa = XCConfigurationList;
			buildConfigurations = (
				CF11D66B2BE0147F009950EA /* Debug */,
				CF11D66C2BE0147F009950EA /* Release */,
			);
			defaultConfigurationIsVisible = 0;
			defaultConfigurationName = Release;
		};
		CF11D66D2BE0147F009950EA /* Build configuration list for PBXNativeTarget "MoviesAppTCATests" */ = {
			isa = XCConfigurationList;
			buildConfigurations = (
				CF11D66E2BE0147F009950EA /* Debug */,
				CF11D66F2BE0147F009950EA /* Release */,
			);
			defaultConfigurationIsVisible = 0;
			defaultConfigurationName = Release;
		};
		CF11D6702BE0147F009950EA /* Build configuration list for PBXNativeTarget "MoviesAppTCAUITests" */ = {
			isa = XCConfigurationList;
			buildConfigurations = (
				CF11D6712BE0147F009950EA /* Debug */,
				CF11D6722BE0147F009950EA /* Release */,
			);
			defaultConfigurationIsVisible = 0;
			defaultConfigurationName = Release;
		};
/* End XCConfigurationList section */
	};
	rootObject = CF11D63E2BE0147D009950EA /* Project object */;
}
